// !$*UTF8*$!
{
	archiveVersion = 1;
	classes = {
	};
	objectVersion = 50;
	objects = {

/* Begin PBXBuildFile section */
		55AE6DEC26102BEB00DF5921 /* IGeometryEntity.hpp in Headers */ = {isa = PBXBuildFile; fileRef = 55AE6DDA26102BEB00DF5921 /* IGeometryEntity.hpp */; };
		55AE6DED26102BEB00DF5921 /* CommonFunctions.cpp in Sources */ = {isa = PBXBuildFile; fileRef = 55AE6DDB26102BEB00DF5921 /* CommonFunctions.cpp */; };
		55AE6DEE26102BEB00DF5921 /* CommonFunctions.hpp in Headers */ = {isa = PBXBuildFile; fileRef = 55AE6DDC26102BEB00DF5921 /* CommonFunctions.hpp */; };
		55AE6DEF26102BEB00DF5921 /* StlWriter.cpp in Sources */ = {isa = PBXBuildFile; fileRef = 55AE6DDD26102BEB00DF5921 /* StlWriter.cpp */; };
		55AE6DF026102BEB00DF5921 /* ObjReader.cpp in Sources */ = {isa = PBXBuildFile; fileRef = 55AE6DDE26102BEB00DF5921 /* ObjReader.cpp */; };
		55AE6DF126102BEB00DF5921 /* StlWriter.hpp in Headers */ = {isa = PBXBuildFile; fileRef = 55AE6DDF26102BEB00DF5921 /* StlWriter.hpp */; };
		55AE6DF226102BEB00DF5921 /* IGeometryEntity.cpp in Sources */ = {isa = PBXBuildFile; fileRef = 55AE6DE026102BEB00DF5921 /* IGeometryEntity.cpp */; };
		55AE6DF326102BEB00DF5921 /* MeshModel.cpp in Sources */ = {isa = PBXBuildFile; fileRef = 55AE6DE126102BEB00DF5921 /* MeshModel.cpp */; };
		55AE6DF426102BEB00DF5921 /* CommonTypes.h in Headers */ = {isa = PBXBuildFile; fileRef = 55AE6DE226102BEB00DF5921 /* CommonTypes.h */; };
		55AE6DF526102BEB00DF5921 /* LowLevelWriter.cpp in Sources */ = {isa = PBXBuildFile; fileRef = 55AE6DE326102BEB00DF5921 /* LowLevelWriter.cpp */; };
		55AE6DF626102BEB00DF5921 /* MeshModel.hpp in Headers */ = {isa = PBXBuildFile; fileRef = 55AE6DE426102BEB00DF5921 /* MeshModel.hpp */; };
		55AE6DF726102BEB00DF5921 /* ObjReader.hpp in Headers */ = {isa = PBXBuildFile; fileRef = 55AE6DE526102BEB00DF5921 /* ObjReader.hpp */; };
		55AE6DF826102BEB00DF5921 /* Plane3D.cpp in Sources */ = {isa = PBXBuildFile; fileRef = 55AE6DE626102BEB00DF5921 /* Plane3D.cpp */; };
		55AE6DF926102BEB00DF5921 /* LowLevelWriter.hpp in Headers */ = {isa = PBXBuildFile; fileRef = 55AE6DE726102BEB00DF5921 /* LowLevelWriter.hpp */; };
		55AE6DFA26102BEB00DF5921 /* IMesh.h in Headers */ = {isa = PBXBuildFile; fileRef = 55AE6DE826102BEB00DF5921 /* IMesh.h */; };
		55AE6DFB26102BEB00DF5921 /* LowLevelReader.hpp in Headers */ = {isa = PBXBuildFile; fileRef = 55AE6DE926102BEB00DF5921 /* LowLevelReader.hpp */; };
		55AE6DFC26102BEB00DF5921 /* Plane3D.hpp in Headers */ = {isa = PBXBuildFile; fileRef = 55AE6DEA26102BEB00DF5921 /* Plane3D.hpp */; };
		55AE6DFD26102BEB00DF5921 /* LowLevelReader.cpp in Sources */ = {isa = PBXBuildFile; fileRef = 55AE6DEB26102BEB00DF5921 /* LowLevelReader.cpp */; };
/* End PBXBuildFile section */

/* Begin PBXFileReference section */
		55AE6DB3261028EC00DF5921 /* libSculpCore.a */ = {isa = PBXFileReference; explicitFileType = archive.ar; includeInIndex = 0; path = libSculpCore.a; sourceTree = BUILT_PRODUCTS_DIR; };
		55AE6DDA26102BEB00DF5921 /* IGeometryEntity.hpp */ = {isa = PBXFileReference; fileEncoding = 4; lastKnownFileType = sourcecode.cpp.h; path = IGeometryEntity.hpp; sourceTree = "<group>"; };
		55AE6DDB26102BEB00DF5921 /* CommonFunctions.cpp */ = {isa = PBXFileReference; fileEncoding = 4; lastKnownFileType = sourcecode.cpp.cpp; path = CommonFunctions.cpp; sourceTree = "<group>"; };
		55AE6DDC26102BEB00DF5921 /* CommonFunctions.hpp */ = {isa = PBXFileReference; fileEncoding = 4; lastKnownFileType = sourcecode.cpp.h; path = CommonFunctions.hpp; sourceTree = "<group>"; };
		55AE6DDD26102BEB00DF5921 /* StlWriter.cpp */ = {isa = PBXFileReference; fileEncoding = 4; lastKnownFileType = sourcecode.cpp.cpp; path = StlWriter.cpp; sourceTree = "<group>"; };
		55AE6DDE26102BEB00DF5921 /* ObjReader.cpp */ = {isa = PBXFileReference; fileEncoding = 4; lastKnownFileType = sourcecode.cpp.cpp; path = ObjReader.cpp; sourceTree = "<group>"; };
		55AE6DDF26102BEB00DF5921 /* StlWriter.hpp */ = {isa = PBXFileReference; fileEncoding = 4; lastKnownFileType = sourcecode.cpp.h; path = StlWriter.hpp; sourceTree = "<group>"; };
		55AE6DE026102BEB00DF5921 /* IGeometryEntity.cpp */ = {isa = PBXFileReference; fileEncoding = 4; lastKnownFileType = sourcecode.cpp.cpp; path = IGeometryEntity.cpp; sourceTree = "<group>"; };
		55AE6DE126102BEB00DF5921 /* MeshModel.cpp */ = {isa = PBXFileReference; fileEncoding = 4; lastKnownFileType = sourcecode.cpp.cpp; path = MeshModel.cpp; sourceTree = "<group>"; };
		55AE6DE226102BEB00DF5921 /* CommonTypes.h */ = {isa = PBXFileReference; fileEncoding = 4; lastKnownFileType = sourcecode.c.h; path = CommonTypes.h; sourceTree = "<group>"; };
		55AE6DE326102BEB00DF5921 /* LowLevelWriter.cpp */ = {isa = PBXFileReference; fileEncoding = 4; lastKnownFileType = sourcecode.cpp.cpp; path = LowLevelWriter.cpp; sourceTree = "<group>"; };
		55AE6DE426102BEB00DF5921 /* MeshModel.hpp */ = {isa = PBXFileReference; fileEncoding = 4; lastKnownFileType = sourcecode.cpp.h; path = MeshModel.hpp; sourceTree = "<group>"; };
		55AE6DE526102BEB00DF5921 /* ObjReader.hpp */ = {isa = PBXFileReference; fileEncoding = 4; lastKnownFileType = sourcecode.cpp.h; path = ObjReader.hpp; sourceTree = "<group>"; };
		55AE6DE626102BEB00DF5921 /* Plane3D.cpp */ = {isa = PBXFileReference; fileEncoding = 4; lastKnownFileType = sourcecode.cpp.cpp; path = Plane3D.cpp; sourceTree = "<group>"; };
		55AE6DE726102BEB00DF5921 /* LowLevelWriter.hpp */ = {isa = PBXFileReference; fileEncoding = 4; lastKnownFileType = sourcecode.cpp.h; path = LowLevelWriter.hpp; sourceTree = "<group>"; };
		55AE6DE826102BEB00DF5921 /* IMesh.h */ = {isa = PBXFileReference; fileEncoding = 4; lastKnownFileType = sourcecode.c.h; path = IMesh.h; sourceTree = "<group>"; };
		55AE6DE926102BEB00DF5921 /* LowLevelReader.hpp */ = {isa = PBXFileReference; fileEncoding = 4; lastKnownFileType = sourcecode.cpp.h; path = LowLevelReader.hpp; sourceTree = "<group>"; };
		55AE6DEA26102BEB00DF5921 /* Plane3D.hpp */ = {isa = PBXFileReference; fileEncoding = 4; lastKnownFileType = sourcecode.cpp.h; path = Plane3D.hpp; sourceTree = "<group>"; };
		55AE6DEB26102BEB00DF5921 /* LowLevelReader.cpp */ = {isa = PBXFileReference; fileEncoding = 4; lastKnownFileType = sourcecode.cpp.cpp; path = LowLevelReader.cpp; sourceTree = "<group>"; };
		55AE6E002610356900DF5921 /* GeoTypes.h */ = {isa = PBXFileReference; lastKnownFileType = sourcecode.c.h; path = GeoTypes.h; sourceTree = "<group>"; };
/* End PBXFileReference section */

/* Begin PBXFrameworksBuildPhase section */
		55AE6DB1261028EC00DF5921 /* Frameworks */ = {
			isa = PBXFrameworksBuildPhase;
			buildActionMask = 2147483647;
			files = (
			);
			runOnlyForDeploymentPostprocessing = 0;
		};
/* End PBXFrameworksBuildPhase section */

/* Begin PBXGroup section */
		55AE6DAA261028EC00DF5921 = {
			isa = PBXGroup;
			children = (
				55AE6DB5261028EC00DF5921 /* SculpCore */,
				55AE6DB4261028EC00DF5921 /* Products */,
			);
			sourceTree = "<group>";
		};
		55AE6DB4261028EC00DF5921 /* Products */ = {
			isa = PBXGroup;
			children = (
				55AE6DB3261028EC00DF5921 /* libSculpCore.a */,
			);
			name = Products;
			sourceTree = "<group>";
		};
		55AE6DB5261028EC00DF5921 /* SculpCore */ = {
			isa = PBXGroup;
			children = (
				55AE6DDB26102BEB00DF5921 /* CommonFunctions.cpp */,
				55AE6DDC26102BEB00DF5921 /* CommonFunctions.hpp */,
				55AE6DE226102BEB00DF5921 /* CommonTypes.h */,
				55AE6DE026102BEB00DF5921 /* IGeometryEntity.cpp */,
				55AE6DDA26102BEB00DF5921 /* IGeometryEntity.hpp */,
				55AE6DE826102BEB00DF5921 /* IMesh.h */,
				55AE6DEB26102BEB00DF5921 /* LowLevelReader.cpp */,
				55AE6DE926102BEB00DF5921 /* LowLevelReader.hpp */,
				55AE6DE326102BEB00DF5921 /* LowLevelWriter.cpp */,
				55AE6DE726102BEB00DF5921 /* LowLevelWriter.hpp */,
				55AE6DE126102BEB00DF5921 /* MeshModel.cpp */,
				55AE6DE426102BEB00DF5921 /* MeshModel.hpp */,
				55AE6DDE26102BEB00DF5921 /* ObjReader.cpp */,
				55AE6DE526102BEB00DF5921 /* ObjReader.hpp */,
				55AE6DE626102BEB00DF5921 /* Plane3D.cpp */,
				55AE6DEA26102BEB00DF5921 /* Plane3D.hpp */,
				55AE6DDD26102BEB00DF5921 /* StlWriter.cpp */,
				55AE6DDF26102BEB00DF5921 /* StlWriter.hpp */,
				55AE6E002610356900DF5921 /* GeoTypes.h */,
			);
			path = SculpCore;
			sourceTree = "<group>";
		};
/* End PBXGroup section */

/* Begin PBXHeadersBuildPhase section */
		55AE6DAF261028EC00DF5921 /* Headers */ = {
			isa = PBXHeadersBuildPhase;
			buildActionMask = 2147483647;
			files = (
				55AE6DF926102BEB00DF5921 /* LowLevelWriter.hpp in Headers */,
				55AE6DFA26102BEB00DF5921 /* IMesh.h in Headers */,
				55AE6DEC26102BEB00DF5921 /* IGeometryEntity.hpp in Headers */,
				55AE6DFB26102BEB00DF5921 /* LowLevelReader.hpp in Headers */,
				55AE6DFC26102BEB00DF5921 /* Plane3D.hpp in Headers */,
				55AE6DF726102BEB00DF5921 /* ObjReader.hpp in Headers */,
				55AE6DF426102BEB00DF5921 /* CommonTypes.h in Headers */,
				55AE6DF126102BEB00DF5921 /* StlWriter.hpp in Headers */,
				55AE6DF626102BEB00DF5921 /* MeshModel.hpp in Headers */,
				55AE6DEE26102BEB00DF5921 /* CommonFunctions.hpp in Headers */,
			);
			runOnlyForDeploymentPostprocessing = 0;
		};
/* End PBXHeadersBuildPhase section */

/* Begin PBXNativeTarget section */
		55AE6DB2261028EC00DF5921 /* SculpCore */ = {
			isa = PBXNativeTarget;
			buildConfigurationList = 55AE6DBE261028EC00DF5921 /* Build configuration list for PBXNativeTarget "SculpCore" */;
			buildPhases = (
				55AE6DAF261028EC00DF5921 /* Headers */,
				55AE6DB0261028EC00DF5921 /* Sources */,
				55AE6DB1261028EC00DF5921 /* Frameworks */,
			);
			buildRules = (
			);
			dependencies = (
			);
			name = SculpCore;
			productName = SculpCore;
			productReference = 55AE6DB3261028EC00DF5921 /* libSculpCore.a */;
			productType = "com.apple.product-type.library.static";
		};
/* End PBXNativeTarget section */

/* Begin PBXProject section */
		55AE6DAB261028EC00DF5921 /* Project object */ = {
			isa = PBXProject;
			attributes = {
				LastUpgradeCheck = 1240;
				TargetAttributes = {
					55AE6DB2261028EC00DF5921 = {
						CreatedOnToolsVersion = 12.4;
					};
				};
			};
			buildConfigurationList = 55AE6DAE261028EC00DF5921 /* Build configuration list for PBXProject "SculpCore" */;
			compatibilityVersion = "Xcode 9.3";
			developmentRegion = en;
			hasScannedForEncodings = 0;
			knownRegions = (
				en,
				Base,
			);
			mainGroup = 55AE6DAA261028EC00DF5921;
			productRefGroup = 55AE6DB4261028EC00DF5921 /* Products */;
			projectDirPath = "";
			projectRoot = "";
			targets = (
				55AE6DB2261028EC00DF5921 /* SculpCore */,
			);
		};
/* End PBXProject section */

/* Begin PBXSourcesBuildPhase section */
		55AE6DB0261028EC00DF5921 /* Sources */ = {
			isa = PBXSourcesBuildPhase;
			buildActionMask = 2147483647;
			files = (
				55AE6DF026102BEB00DF5921 /* ObjReader.cpp in Sources */,
				55AE6DEF26102BEB00DF5921 /* StlWriter.cpp in Sources */,
				55AE6DF326102BEB00DF5921 /* MeshModel.cpp in Sources */,
				55AE6DFD26102BEB00DF5921 /* LowLevelReader.cpp in Sources */,
				55AE6DF826102BEB00DF5921 /* Plane3D.cpp in Sources */,
				55AE6DF526102BEB00DF5921 /* LowLevelWriter.cpp in Sources */,
				55AE6DED26102BEB00DF5921 /* CommonFunctions.cpp in Sources */,
				55AE6DF226102BEB00DF5921 /* IGeometryEntity.cpp in Sources */,
			);
			runOnlyForDeploymentPostprocessing = 0;
		};
/* End PBXSourcesBuildPhase section */

/* Begin XCBuildConfiguration section */
		55AE6DBC261028EC00DF5921 /* Debug */ = {
			isa = XCBuildConfiguration;
			buildSettings = {
				ALWAYS_SEARCH_USER_PATHS = NO;
				ARCHS = "$(ARCHS_STANDARD)";
				CLANG_ANALYZER_NONNULL = YES;
				CLANG_ANALYZER_NUMBER_OBJECT_CONVERSION = YES_AGGRESSIVE;
				CLANG_CXX_LANGUAGE_STANDARD = "gnu++14";
				CLANG_CXX_LIBRARY = "libc++";
				CLANG_ENABLE_MODULES = YES;
				CLANG_ENABLE_OBJC_ARC = YES;
				CLANG_ENABLE_OBJC_WEAK = YES;
				CLANG_WARN_BLOCK_CAPTURE_AUTORELEASING = YES;
				CLANG_WARN_BOOL_CONVERSION = YES;
				CLANG_WARN_COMMA = YES;
				CLANG_WARN_CONSTANT_CONVERSION = YES;
				CLANG_WARN_DEPRECATED_OBJC_IMPLEMENTATIONS = YES;
				CLANG_WARN_DIRECT_OBJC_ISA_USAGE = YES_ERROR;
				CLANG_WARN_DOCUMENTATION_COMMENTS = YES;
				CLANG_WARN_EMPTY_BODY = YES;
				CLANG_WARN_ENUM_CONVERSION = YES;
				CLANG_WARN_INFINITE_RECURSION = YES;
				CLANG_WARN_INT_CONVERSION = YES;
				CLANG_WARN_NON_LITERAL_NULL_CONVERSION = YES;
				CLANG_WARN_OBJC_IMPLICIT_RETAIN_SELF = YES;
				CLANG_WARN_OBJC_LITERAL_CONVERSION = YES;
				CLANG_WARN_OBJC_ROOT_CLASS = YES_ERROR;
				CLANG_WARN_QUOTED_INCLUDE_IN_FRAMEWORK_HEADER = YES;
				CLANG_WARN_RANGE_LOOP_ANALYSIS = YES;
				CLANG_WARN_STRICT_PROTOTYPES = YES;
				CLANG_WARN_SUSPICIOUS_MOVE = YES;
				CLANG_WARN_UNGUARDED_AVAILABILITY = YES_AGGRESSIVE;
				CLANG_WARN_UNREACHABLE_CODE = YES;
				CLANG_WARN__DUPLICATE_METHOD_MATCH = YES;
				COPY_PHASE_STRIP = NO;
				DEBUG_INFORMATION_FORMAT = dwarf;
				ENABLE_STRICT_OBJC_MSGSEND = YES;
				ENABLE_TESTABILITY = YES;
				GCC_C_LANGUAGE_STANDARD = gnu11;
				GCC_DYNAMIC_NO_PIC = NO;
				GCC_NO_COMMON_BLOCKS = YES;
				GCC_OPTIMIZATION_LEVEL = 0;
				GCC_PREPROCESSOR_DEFINITIONS = (
					"DEBUG=1",
					"$(inherited)",
				);
				GCC_WARN_64_TO_32_BIT_CONVERSION = YES;
				GCC_WARN_ABOUT_RETURN_TYPE = YES_ERROR;
				GCC_WARN_UNDECLARED_SELECTOR = YES;
				GCC_WARN_UNINITIALIZED_AUTOS = YES_AGGRESSIVE;
				GCC_WARN_UNUSED_FUNCTION = YES;
				GCC_WARN_UNUSED_VARIABLE = YES;
				HEADER_SEARCH_PATHS = 3rd_party/;
				IPHONEOS_DEPLOYMENT_TARGET = 14.3;
				MACOSX_DEPLOYMENT_TARGET = 10.15;
				MTL_ENABLE_DEBUG_INFO = INCLUDE_SOURCE;
				MTL_FAST_MATH = YES;
				ONLY_ACTIVE_ARCH = YES;
				SDKROOT = macosx;
				SUPPORTED_PLATFORMS = "iphonesimulator iphoneos";
				TVOS_DEPLOYMENT_TARGET = 14.3;
				WATCHOS_DEPLOYMENT_TARGET = 7.2;
			};
			name = Debug;
		};
		55AE6DBD261028EC00DF5921 /* Release */ = {
			isa = XCBuildConfiguration;
			buildSettings = {
				ALWAYS_SEARCH_USER_PATHS = NO;
				ARCHS = "$(ARCHS_STANDARD)";
				CLANG_ANALYZER_NONNULL = YES;
				CLANG_ANALYZER_NUMBER_OBJECT_CONVERSION = YES_AGGRESSIVE;
				CLANG_CXX_LANGUAGE_STANDARD = "gnu++14";
				CLANG_CXX_LIBRARY = "libc++";
				CLANG_ENABLE_MODULES = YES;
				CLANG_ENABLE_OBJC_ARC = YES;
				CLANG_ENABLE_OBJC_WEAK = YES;
				CLANG_WARN_BLOCK_CAPTURE_AUTORELEASING = YES;
				CLANG_WARN_BOOL_CONVERSION = YES;
				CLANG_WARN_COMMA = YES;
				CLANG_WARN_CONSTANT_CONVERSION = YES;
				CLANG_WARN_DEPRECATED_OBJC_IMPLEMENTATIONS = YES;
				CLANG_WARN_DIRECT_OBJC_ISA_USAGE = YES_ERROR;
				CLANG_WARN_DOCUMENTATION_COMMENTS = YES;
				CLANG_WARN_EMPTY_BODY = YES;
				CLANG_WARN_ENUM_CONVERSION = YES;
				CLANG_WARN_INFINITE_RECURSION = YES;
				CLANG_WARN_INT_CONVERSION = YES;
				CLANG_WARN_NON_LITERAL_NULL_CONVERSION = YES;
				CLANG_WARN_OBJC_IMPLICIT_RETAIN_SELF = YES;
				CLANG_WARN_OBJC_LITERAL_CONVERSION = YES;
				CLANG_WARN_OBJC_ROOT_CLASS = YES_ERROR;
				CLANG_WARN_QUOTED_INCLUDE_IN_FRAMEWORK_HEADER = YES;
				CLANG_WARN_RANGE_LOOP_ANALYSIS = YES;
				CLANG_WARN_STRICT_PROTOTYPES = YES;
				CLANG_WARN_SUSPICIOUS_MOVE = YES;
				CLANG_WARN_UNGUARDED_AVAILABILITY = YES_AGGRESSIVE;
				CLANG_WARN_UNREACHABLE_CODE = YES;
				CLANG_WARN__DUPLICATE_METHOD_MATCH = YES;
				COPY_PHASE_STRIP = NO;
				DEBUG_INFORMATION_FORMAT = "dwarf-with-dsym";
				ENABLE_NS_ASSERTIONS = NO;
				ENABLE_STRICT_OBJC_MSGSEND = YES;
				GCC_C_LANGUAGE_STANDARD = gnu11;
				GCC_NO_COMMON_BLOCKS = YES;
				GCC_WARN_64_TO_32_BIT_CONVERSION = YES;
				GCC_WARN_ABOUT_RETURN_TYPE = YES_ERROR;
				GCC_WARN_UNDECLARED_SELECTOR = YES;
				GCC_WARN_UNINITIALIZED_AUTOS = YES_AGGRESSIVE;
				GCC_WARN_UNUSED_FUNCTION = YES;
				GCC_WARN_UNUSED_VARIABLE = YES;
				HEADER_SEARCH_PATHS = 3rd_party/;
				IPHONEOS_DEPLOYMENT_TARGET = 14.3;
				MACOSX_DEPLOYMENT_TARGET = 10.15;
				MTL_ENABLE_DEBUG_INFO = NO;
				MTL_FAST_MATH = YES;
				SDKROOT = macosx;
				SUPPORTED_PLATFORMS = "iphonesimulator iphoneos";
				TVOS_DEPLOYMENT_TARGET = 14.3;
				WATCHOS_DEPLOYMENT_TARGET = 7.2;
			};
			name = Release;
		};
		55AE6DBF261028EC00DF5921 /* Debug */ = {
			isa = XCBuildConfiguration;
			buildSettings = {
				CODE_SIGN_STYLE = Automatic;
				DEVELOPMENT_TEAM = M6CM7H2F7D;
				EXECUTABLE_PREFIX = lib;
				GCC_ENABLE_CPP_EXCEPTIONS = YES;
				GCC_ENABLE_CPP_RTTI = YES;
				PRODUCT_NAME = "$(TARGET_NAME)";
				SKIP_INSTALL = YES;
				SUPPORTED_PLATFORMS = macosx;
			};
			name = Debug;
		};
		55AE6DC0261028EC00DF5921 /* Release */ = {
			isa = XCBuildConfiguration;
			buildSettings = {
				CODE_SIGN_STYLE = Automatic;
				DEVELOPMENT_TEAM = M6CM7H2F7D;
				EXECUTABLE_PREFIX = lib;
				GCC_ENABLE_CPP_EXCEPTIONS = YES;
				GCC_ENABLE_CPP_RTTI = YES;
				PRODUCT_NAME = "$(TARGET_NAME)";
				SKIP_INSTALL = YES;
				SUPPORTED_PLATFORMS = macosx;
			};
			name = Release;
		};
/* End XCBuildConfiguration section */

/* Begin XCConfigurationList section */
		55AE6DAE261028EC00DF5921 /* Build configuration list for PBXProject "SculpCore" */ = {
			isa = XCConfigurationList;
			buildConfigurations = (
				55AE6DBC261028EC00DF5921 /* Debug */,
				55AE6DBD261028EC00DF5921 /* Release */,
			);
			defaultConfigurationIsVisible = 0;
			defaultConfigurationName = Release;
		};
		55AE6DBE261028EC00DF5921 /* Build configuration list for PBXNativeTarget "SculpCore" */ = {
			isa = XCConfigurationList;
			buildConfigurations = (
				55AE6DBF261028EC00DF5921 /* Debug */,
				55AE6DC0261028EC00DF5921 /* Release */,
			);
			defaultConfigurationIsVisible = 0;
			defaultConfigurationName = Release;
		};
/* End XCConfigurationList section */
	};
	rootObject = 55AE6DAB261028EC00DF5921 /* Project object */;
}
